
Microsoft Visual Studio Solution File, Format Version 12.00
# Visual Studio Version 16
VisualStudioVersion = 16.0.30717.126
MinimumVisualStudioVersion = 10.0.40219.1
Project("{FAE04EC0-301F-11D3-BF4B-00C04F79EFBC}") = "HelloWorld_UWP", "HelloWorld_UWP.csproj", "{7F165A90-7870-4F4E-AF40-5D94C8D6F83B}"
EndProject
Global
	GlobalSection(SolutionConfigurationPlatforms) = preSolution
		Debug|ARM = Debug|ARM
		Debug|ARM64 = Debug|ARM64
		Debug|x64 = Debug|x64
		Debug|x86 = Debug|x86
		Release|ARM = Release|ARM
		Release|ARM64 = Release|ARM64
		Release|x64 = Release|x64
		Release|x86 = Release|x86
	EndGlobalSection
	GlobalSection(ProjectConfigurationPlatforms) = postSolution
		{7F165A90-7870-4F4E-AF40-5D94C8D6F83B}.Debug|ARM.ActiveCfg = Debug|ARM
		{7F165A90-7870-4F4E-AF40-5D94C8D6F83B}.Debug|ARM.Build.0 = Debug|ARM
		{7F165A90-7870-4F4E-AF40-5D94C8D6F83B}.Debug|ARM.Deploy.0 = Debug|ARM
		{7F165A90-7870-4F4E-AF40-5D94C8D6F83B}.Debug|ARM64.ActiveCfg = Debug|ARM64
		{7F165A90-7870-4F4E-AF40-5D94C8D6F83B}.Debug|ARM64.Build.0 = Debug|ARM64
		{7F165A90-7870-4F4E-AF40-5D94C8D6F83B}.Debug|ARM64.Deploy.0 = Debug|ARM64
		{7F165A90-7870-4F4E-AF40-5D94C8D6F83B}.Debug|x64.ActiveCfg = Debug|x64
		{7F165A90-7870-4F4E-AF40-5D94C8D6F83B}.Debug|x64.Build.0 = Debug|x64
		{7F165A90-7870-4F4E-AF40-5D94C8D6F83B}.Debug|x64.Deploy.0 = Debug|x64
		{7F165A90-7870-4F4E-AF40-5D94C8D6F83B}.Debug|x86.ActiveCfg = Debug|x86
		{7F165A90-7870-4F4E-AF40-5D94C8D6F83B}.Debug|x86.Build.0 = Debug|x86
		{7F165A90-7870-4F4E-AF40-5D94C8D6F83B}.Debug|x86.Deploy.0 = Debug|x86
		{7F165A90-7870-4F4E-AF40-5D94C8D6F83B}.Release|ARM.ActiveCfg = Release|ARM
		{7F165A90-7870-4F4E-AF40-5D94C8D6F83B}.Release|ARM.Build.0 = Release|ARM
		{7F165A90-7870-4F4E-AF40-5D94C8D6F83B}.Release|ARM.Deploy.0 = Release|ARM
		{7F165A90-7870-4F4E-AF40-5D94C8D6F83B}.Release|ARM64.ActiveCfg = Release|ARM64
		{7F165A90-7870-4F4E-AF40-5D94C8D6F83B}.Release|ARM64.Build.0 = Release|ARM64
		{7F165A90-7870-4F4E-AF40-5D94C8D6F83B}.Release|ARM64.Deploy.0 = Release|ARM64
		{7F165A90-7870-4F4E-AF40-5D94C8D6F83B}.Release|x64.ActiveCfg = Release|x64
		{7F165A90-7870-4F4E-AF40-5D94C8D6F83B}.Release|x64.Build.0 = Release|x64
		{7F165A90-7870-4F4E-AF40-5D94C8D6F83B}.Release|x64.Deploy.0 = Release|x64
		{7F165A90-7870-4F4E-AF40-5D94C8D6F83B}.Release|x86.ActiveCfg = Release|x86
		{7F165A90-7870-4F4E-AF40-5D94C8D6F83B}.Release|x86.Build.0 = Release|x86
		{7F165A90-7870-4F4E-AF40-5D94C8D6F83B}.Release|x86.Deploy.0 = Release|x86
	EndGlobalSection
	GlobalSection(SolutionProperties) = preSolution
		HideSolutionNode = FALSE
	EndGlobalSection
	GlobalSection(ExtensibilityGlobals) = postSolution
		SolutionGuid = {2A697BE1-ECB3-469C-BED6-E9582D56289C}
	EndGlobalSection
EndGlobal
