
Microsoft Visual Studio Solution File, Format Version 12.00
# Visual Studio Version 16
VisualStudioVersion = 16.0.30717.126
MinimumVisualStudioVersion = 10.0.40219.1
Project("{FAE04EC0-301F-11D3-BF4B-00C04F79EFBC}") = "DemoMysQL", "DemoMysQL\DemoMysQL.csproj", "{1681F87B-B7DD-46BE-B8EE-94F65C50EBAE}"
EndProject
Project("{FAE04EC0-301F-11D3-BF4B-00C04F79EFBC}") = "BDLib", "BDLib\BDLib.csproj", "{23E7F3F1-E9EC-45E0-8D05-C885E5304E15}"
EndProject
Global
	GlobalSection(SolutionConfigurationPlatforms) = preSolution
		Debug|Any CPU = Debug|Any CPU
		Debug|ARM = Debug|ARM
		Debug|ARM64 = Debug|ARM64
		Debug|x64 = Debug|x64
		Debug|x86 = Debug|x86
		Release|Any CPU = Release|Any CPU
		Release|ARM = Release|ARM
		Release|ARM64 = Release|ARM64
		Release|x64 = Release|x64
		Release|x86 = Release|x86
	EndGlobalSection
	GlobalSection(ProjectConfigurationPlatforms) = postSolution
		{1681F87B-B7DD-46BE-B8EE-94F65C50EBAE}.Debug|Any CPU.ActiveCfg = Debug|x86
		{1681F87B-B7DD-46BE-B8EE-94F65C50EBAE}.Debug|ARM.ActiveCfg = Debug|ARM
		{1681F87B-B7DD-46BE-B8EE-94F65C50EBAE}.Debug|ARM.Build.0 = Debug|ARM
		{1681F87B-B7DD-46BE-B8EE-94F65C50EBAE}.Debug|ARM.Deploy.0 = Debug|ARM
		{1681F87B-B7DD-46BE-B8EE-94F65C50EBAE}.Debug|ARM64.ActiveCfg = Debug|ARM64
		{1681F87B-B7DD-46BE-B8EE-94F65C50EBAE}.Debug|ARM64.Build.0 = Debug|ARM64
		{1681F87B-B7DD-46BE-B8EE-94F65C50EBAE}.Debug|ARM64.Deploy.0 = Debug|ARM64
		{1681F87B-B7DD-46BE-B8EE-94F65C50EBAE}.Debug|x64.ActiveCfg = Debug|x64
		{1681F87B-B7DD-46BE-B8EE-94F65C50EBAE}.Debug|x64.Build.0 = Debug|x64
		{1681F87B-B7DD-46BE-B8EE-94F65C50EBAE}.Debug|x64.Deploy.0 = Debug|x64
		{1681F87B-B7DD-46BE-B8EE-94F65C50EBAE}.Debug|x86.ActiveCfg = Debug|x86
		{1681F87B-B7DD-46BE-B8EE-94F65C50EBAE}.Debug|x86.Build.0 = Debug|x86
		{1681F87B-B7DD-46BE-B8EE-94F65C50EBAE}.Debug|x86.Deploy.0 = Debug|x86
		{1681F87B-B7DD-46BE-B8EE-94F65C50EBAE}.Release|Any CPU.ActiveCfg = Release|x86
		{1681F87B-B7DD-46BE-B8EE-94F65C50EBAE}.Release|ARM.ActiveCfg = Release|ARM
		{1681F87B-B7DD-46BE-B8EE-94F65C50EBAE}.Release|ARM.Build.0 = Release|ARM
		{1681F87B-B7DD-46BE-B8EE-94F65C50EBAE}.Release|ARM.Deploy.0 = Release|ARM
		{1681F87B-B7DD-46BE-B8EE-94F65C50EBAE}.Release|ARM64.ActiveCfg = Release|ARM64
		{1681F87B-B7DD-46BE-B8EE-94F65C50EBAE}.Release|ARM64.Build.0 = Release|ARM64
		{1681F87B-B7DD-46BE-B8EE-94F65C50EBAE}.Release|ARM64.Deploy.0 = Release|ARM64
		{1681F87B-B7DD-46BE-B8EE-94F65C50EBAE}.Release|x64.ActiveCfg = Release|x64
		{1681F87B-B7DD-46BE-B8EE-94F65C50EBAE}.Release|x64.Build.0 = Release|x64
		{1681F87B-B7DD-46BE-B8EE-94F65C50EBAE}.Release|x64.Deploy.0 = Release|x64
		{1681F87B-B7DD-46BE-B8EE-94F65C50EBAE}.Release|x86.ActiveCfg = Release|x86
		{1681F87B-B7DD-46BE-B8EE-94F65C50EBAE}.Release|x86.Build.0 = Release|x86
		{1681F87B-B7DD-46BE-B8EE-94F65C50EBAE}.Release|x86.Deploy.0 = Release|x86
		{23E7F3F1-E9EC-45E0-8D05-C885E5304E15}.Debug|Any CPU.ActiveCfg = Debug|Any CPU
		{23E7F3F1-E9EC-45E0-8D05-C885E5304E15}.Debug|Any CPU.Build.0 = Debug|Any CPU
		{23E7F3F1-E9EC-45E0-8D05-C885E5304E15}.Debug|ARM.ActiveCfg = Debug|Any CPU
		{23E7F3F1-E9EC-45E0-8D05-C885E5304E15}.Debug|ARM.Build.0 = Debug|Any CPU
		{23E7F3F1-E9EC-45E0-8D05-C885E5304E15}.Debug|ARM64.ActiveCfg = Debug|Any CPU
		{23E7F3F1-E9EC-45E0-8D05-C885E5304E15}.Debug|ARM64.Build.0 = Debug|Any CPU
		{23E7F3F1-E9EC-45E0-8D05-C885E5304E15}.Debug|x64.ActiveCfg = Debug|Any CPU
		{23E7F3F1-E9EC-45E0-8D05-C885E5304E15}.Debug|x64.Build.0 = Debug|Any CPU
		{23E7F3F1-E9EC-45E0-8D05-C885E5304E15}.Debug|x86.ActiveCfg = Debug|Any CPU
		{23E7F3F1-E9EC-45E0-8D05-C885E5304E15}.Debug|x86.Build.0 = Debug|Any CPU
		{23E7F3F1-E9EC-45E0-8D05-C885E5304E15}.Release|Any CPU.ActiveCfg = Release|Any CPU
		{23E7F3F1-E9EC-45E0-8D05-C885E5304E15}.Release|Any CPU.Build.0 = Release|Any CPU
		{23E7F3F1-E9EC-45E0-8D05-C885E5304E15}.Release|ARM.ActiveCfg = Release|Any CPU
		{23E7F3F1-E9EC-45E0-8D05-C885E5304E15}.Release|ARM.Build.0 = Release|Any CPU
		{23E7F3F1-E9EC-45E0-8D05-C885E5304E15}.Release|ARM64.ActiveCfg = Release|Any CPU
		{23E7F3F1-E9EC-45E0-8D05-C885E5304E15}.Release|ARM64.Build.0 = Release|Any CPU
		{23E7F3F1-E9EC-45E0-8D05-C885E5304E15}.Release|x64.ActiveCfg = Release|Any CPU
		{23E7F3F1-E9EC-45E0-8D05-C885E5304E15}.Release|x64.Build.0 = Release|Any CPU
		{23E7F3F1-E9EC-45E0-8D05-C885E5304E15}.Release|x86.ActiveCfg = Release|Any CPU
		{23E7F3F1-E9EC-45E0-8D05-C885E5304E15}.Release|x86.Build.0 = Release|Any CPU
	EndGlobalSection
	GlobalSection(SolutionProperties) = preSolution
		HideSolutionNode = FALSE
	EndGlobalSection
	GlobalSection(ExtensibilityGlobals) = postSolution
		SolutionGuid = {24691E61-2ED1-4F6D-A838-E0B21D23C66D}
	EndGlobalSection
EndGlobal
