
Microsoft Visual Studio Solution File, Format Version 12.00
# Visual Studio Version 16
VisualStudioVersion = 16.0.30717.126
MinimumVisualStudioVersion = 10.0.40219.1
Project("{FAE04EC0-301F-11D3-BF4B-00C04F79EFBC}") = "DemoSqlite", "DemoSqlite\DemoSqlite.csproj", "{6D9D0B0A-BD4F-4E59-AB66-459087AD7B2B}"
EndProject
Project("{FAE04EC0-301F-11D3-BF4B-00C04F79EFBC}") = "DBLib", "DBLib\DBLib.csproj", "{45280EFE-9186-4CB9-A55A-D6B845638A84}"
EndProject
Global
	GlobalSection(SolutionConfigurationPlatforms) = preSolution
		Debug|Any CPU = Debug|Any CPU
		Debug|ARM = Debug|ARM
		Debug|ARM64 = Debug|ARM64
		Debug|x64 = Debug|x64
		Debug|x86 = Debug|x86
		Release|Any CPU = Release|Any CPU
		Release|ARM = Release|ARM
		Release|ARM64 = Release|ARM64
		Release|x64 = Release|x64
		Release|x86 = Release|x86
	EndGlobalSection
	GlobalSection(ProjectConfigurationPlatforms) = postSolution
		{6D9D0B0A-BD4F-4E59-AB66-459087AD7B2B}.Debug|Any CPU.ActiveCfg = Debug|x86
		{6D9D0B0A-BD4F-4E59-AB66-459087AD7B2B}.Debug|ARM.ActiveCfg = Debug|ARM
		{6D9D0B0A-BD4F-4E59-AB66-459087AD7B2B}.Debug|ARM.Build.0 = Debug|ARM
		{6D9D0B0A-BD4F-4E59-AB66-459087AD7B2B}.Debug|ARM.Deploy.0 = Debug|ARM
		{6D9D0B0A-BD4F-4E59-AB66-459087AD7B2B}.Debug|ARM64.ActiveCfg = Debug|ARM64
		{6D9D0B0A-BD4F-4E59-AB66-459087AD7B2B}.Debug|ARM64.Build.0 = Debug|ARM64
		{6D9D0B0A-BD4F-4E59-AB66-459087AD7B2B}.Debug|ARM64.Deploy.0 = Debug|ARM64
		{6D9D0B0A-BD4F-4E59-AB66-459087AD7B2B}.Debug|x64.ActiveCfg = Debug|x64
		{6D9D0B0A-BD4F-4E59-AB66-459087AD7B2B}.Debug|x64.Build.0 = Debug|x64
		{6D9D0B0A-BD4F-4E59-AB66-459087AD7B2B}.Debug|x64.Deploy.0 = Debug|x64
		{6D9D0B0A-BD4F-4E59-AB66-459087AD7B2B}.Debug|x86.ActiveCfg = Debug|x86
		{6D9D0B0A-BD4F-4E59-AB66-459087AD7B2B}.Debug|x86.Build.0 = Debug|x86
		{6D9D0B0A-BD4F-4E59-AB66-459087AD7B2B}.Debug|x86.Deploy.0 = Debug|x86
		{6D9D0B0A-BD4F-4E59-AB66-459087AD7B2B}.Release|Any CPU.ActiveCfg = Release|x86
		{6D9D0B0A-BD4F-4E59-AB66-459087AD7B2B}.Release|ARM.ActiveCfg = Release|ARM
		{6D9D0B0A-BD4F-4E59-AB66-459087AD7B2B}.Release|ARM.Build.0 = Release|ARM
		{6D9D0B0A-BD4F-4E59-AB66-459087AD7B2B}.Release|ARM.Deploy.0 = Release|ARM
		{6D9D0B0A-BD4F-4E59-AB66-459087AD7B2B}.Release|ARM64.ActiveCfg = Release|ARM64
		{6D9D0B0A-BD4F-4E59-AB66-459087AD7B2B}.Release|ARM64.Build.0 = Release|ARM64
		{6D9D0B0A-BD4F-4E59-AB66-459087AD7B2B}.Release|ARM64.Deploy.0 = Release|ARM64
		{6D9D0B0A-BD4F-4E59-AB66-459087AD7B2B}.Release|x64.ActiveCfg = Release|x64
		{6D9D0B0A-BD4F-4E59-AB66-459087AD7B2B}.Release|x64.Build.0 = Release|x64
		{6D9D0B0A-BD4F-4E59-AB66-459087AD7B2B}.Release|x64.Deploy.0 = Release|x64
		{6D9D0B0A-BD4F-4E59-AB66-459087AD7B2B}.Release|x86.ActiveCfg = Release|x86
		{6D9D0B0A-BD4F-4E59-AB66-459087AD7B2B}.Release|x86.Build.0 = Release|x86
		{6D9D0B0A-BD4F-4E59-AB66-459087AD7B2B}.Release|x86.Deploy.0 = Release|x86
		{45280EFE-9186-4CB9-A55A-D6B845638A84}.Debug|Any CPU.ActiveCfg = Debug|Any CPU
		{45280EFE-9186-4CB9-A55A-D6B845638A84}.Debug|Any CPU.Build.0 = Debug|Any CPU
		{45280EFE-9186-4CB9-A55A-D6B845638A84}.Debug|ARM.ActiveCfg = Debug|Any CPU
		{45280EFE-9186-4CB9-A55A-D6B845638A84}.Debug|ARM.Build.0 = Debug|Any CPU
		{45280EFE-9186-4CB9-A55A-D6B845638A84}.Debug|ARM64.ActiveCfg = Debug|Any CPU
		{45280EFE-9186-4CB9-A55A-D6B845638A84}.Debug|ARM64.Build.0 = Debug|Any CPU
		{45280EFE-9186-4CB9-A55A-D6B845638A84}.Debug|x64.ActiveCfg = Debug|Any CPU
		{45280EFE-9186-4CB9-A55A-D6B845638A84}.Debug|x64.Build.0 = Debug|Any CPU
		{45280EFE-9186-4CB9-A55A-D6B845638A84}.Debug|x86.ActiveCfg = Debug|Any CPU
		{45280EFE-9186-4CB9-A55A-D6B845638A84}.Debug|x86.Build.0 = Debug|Any CPU
		{45280EFE-9186-4CB9-A55A-D6B845638A84}.Release|Any CPU.ActiveCfg = Release|Any CPU
		{45280EFE-9186-4CB9-A55A-D6B845638A84}.Release|Any CPU.Build.0 = Release|Any CPU
		{45280EFE-9186-4CB9-A55A-D6B845638A84}.Release|ARM.ActiveCfg = Release|Any CPU
		{45280EFE-9186-4CB9-A55A-D6B845638A84}.Release|ARM.Build.0 = Release|Any CPU
		{45280EFE-9186-4CB9-A55A-D6B845638A84}.Release|ARM64.ActiveCfg = Release|Any CPU
		{45280EFE-9186-4CB9-A55A-D6B845638A84}.Release|ARM64.Build.0 = Release|Any CPU
		{45280EFE-9186-4CB9-A55A-D6B845638A84}.Release|x64.ActiveCfg = Release|Any CPU
		{45280EFE-9186-4CB9-A55A-D6B845638A84}.Release|x64.Build.0 = Release|Any CPU
		{45280EFE-9186-4CB9-A55A-D6B845638A84}.Release|x86.ActiveCfg = Release|Any CPU
		{45280EFE-9186-4CB9-A55A-D6B845638A84}.Release|x86.Build.0 = Release|Any CPU
	EndGlobalSection
	GlobalSection(SolutionProperties) = preSolution
		HideSolutionNode = FALSE
	EndGlobalSection
	GlobalSection(ExtensibilityGlobals) = postSolution
		SolutionGuid = {080B62D3-AE5C-4DA5-8D0C-5402CE0B904B}
	EndGlobalSection
EndGlobal
